
Microsoft Visual Studio Solution File, Format Version 12.00
# Visual Studio Version 17
VisualStudioVersion = 17.8.34316.72
MinimumVisualStudioVersion = 10.0.40219.1
Project("{9A19103F-16F7-4668-BE54-9A1E7A4F7556}") = "FileProvider", "FileProvider\FileProvider.csproj", "{529AAE62-6857-4646-9E0B-68300A765A65}"
EndProject
Project("{9A19103F-16F7-4668-BE54-9A1E7A4F7556}") = "Data", "Data\Data.csproj", "{632C416D-4EB2-4443-9A9F-DD4EC2F1B915}"
EndProject
Global
	GlobalSection(SolutionConfigurationPlatforms) = preSolution
		Debug|Any CPU = Debug|Any CPU
		Release|Any CPU = Release|Any CPU
	EndGlobalSection
	GlobalSection(ProjectConfigurationPlatforms) = postSolution
		{529AAE62-6857-4646-9E0B-68300A765A65}.Debug|Any CPU.ActiveCfg = Debug|Any CPU
		{529AAE62-6857-4646-9E0B-68300A765A65}.Debug|Any CPU.Build.0 = Debug|Any CPU
		{529AAE62-6857-4646-9E0B-68300A765A65}.Release|Any CPU.ActiveCfg = Release|Any CPU
		{529AAE62-6857-4646-9E0B-68300A765A65}.Release|Any CPU.Build.0 = Release|Any CPU
		{632C416D-4EB2-4443-9A9F-DD4EC2F1B915}.Debug|Any CPU.ActiveCfg = Debug|Any CPU
		{632C416D-4EB2-4443-9A9F-DD4EC2F1B915}.Debug|Any CPU.Build.0 = Debug|Any CPU
		{632C416D-4EB2-4443-9A9F-DD4EC2F1B915}.Release|Any CPU.ActiveCfg = Release|Any CPU
		{632C416D-4EB2-4443-9A9F-DD4EC2F1B915}.Release|Any CPU.Build.0 = Release|Any CPU
	EndGlobalSection
	GlobalSection(SolutionProperties) = preSolution
		HideSolutionNode = FALSE
	EndGlobalSection
	GlobalSection(ExtensibilityGlobals) = postSolution
		SolutionGuid = {CCF22EC3-AB5E-4761-B3FD-FB3EC13F4295}
	EndGlobalSection
EndGlobal
